{
  "version": 4,
  "terraform_version": "1.0.3",
  "serial": 108,
  "lineage": "56e3c6fd-6d8e-1c76-2b06-f664b099b820",
  "outputs": {},
  "resources": [
    {
      "module": "module.app",
      "mode": "data",
      "type": "aws_subnet_ids",
      "name": "default",
      "provider": "provider[\"registry.terraform.io/hashicorp/aws\"]",
      "instances": [
        {
          "schema_version": 0,
          "attributes": {
            "filter": null,
            "id": "vpc-3d264556",
            "ids": [
              "subnet-a0c405dd",
              "subnet-e9c7eea5",
              "subnet-eac54e81"
            ],
            "tags": null,
            "vpc_id": "vpc-3d264556"
          },
          "sensitive_attributes": []
        }
      ]
    },
    {
      "module": "module.app",
      "mode": "data",
      "type": "aws_vpc",
      "name": "default",
      "provider": "provider[\"registry.terraform.io/hashicorp/aws\"]",
      "instances": [
        {
          "schema_version": 0,
          "attributes": {
            "arn": "arn:aws:ec2:us-east-2:822487065664:vpc/vpc-3d264556",
            "cidr_block": "172.31.0.0/16",
            "cidr_block_associations": [
              {
                "association_id": "vpc-cidr-assoc-83dbb9e8",
                "cidr_block": "172.31.0.0/16",
                "state": "associated"
              }
            ],
            "default": true,
            "dhcp_options_id": "dopt-4980c522",
            "enable_dns_hostnames": true,
            "enable_dns_support": true,
            "filter": null,
            "id": "vpc-3d264556",
            "instance_tenancy": "default",
            "ipv6_association_id": null,
            "ipv6_cidr_block": null,
            "main_route_table_id": "rtb-6e002805",
            "owner_id": "822487065664",
            "state": "available",
            "tags": {}
          },
          "sensitive_attributes": []
        }
      ]
    },
    {
      "module": "module.app",
      "mode": "data",
      "type": "template_file",
      "name": "user_data",
      "provider": "provider[\"registry.terraform.io/hashicorp/template\"]",
      "instances": [
        {
          "schema_version": 0,
          "attributes": {
            "filename": null,
            "id": "efeb894020375fef3ce6176e648bdd01bedbfb82e8957218a22f6e7a7deb848a",
            "rendered": "#!/usr/bin/env bash\ncat \u003e index.html \u003c\u003cEOF\n\u003ch1\u003e8080\u003c/h1\u003e\n\u003ch1\u003etest stage\u003c/h1\u003e\n\u003ch1\u003estage-terraform-up-and-running20210802075348594600000001.cxgrlkrgdrdy.us-east-2.rds.amazonaws.com\u003c/h1\u003e\n\u003ch1\u003e3306\u003c/h1\u003e\n\u003ch1\u003e\nEOF\nnohup busybox httpd -f -p 8080 \u0026",
            "template": "#!/usr/bin/env bash\ncat \u003e index.html \u003c\u003cEOF\n\u003ch1\u003e${server_port}\u003c/h1\u003e\n\u003ch1\u003e${server_text}\u003c/h1\u003e\n\u003ch1\u003e${db_address}\u003c/h1\u003e\n\u003ch1\u003e${db_port}\u003c/h1\u003e\n\u003ch1\u003e\nEOF\nnohup busybox httpd -f -p ${server_port} \u0026",
            "vars": {
              "db_address": "stage-terraform-up-and-running20210802075348594600000001.cxgrlkrgdrdy.us-east-2.rds.amazonaws.com",
              "db_port": "3306",
              "server_port": "8080",
              "server_text": "test stage"
            }
          },
          "sensitive_attributes": []
        }
      ]
    },
    {
      "module": "module.app",
      "mode": "data",
      "type": "terraform_remote_state",
      "name": "db",
      "provider": "provider[\"terraform.io/builtin/terraform\"]",
      "instances": [
        {
          "schema_version": 0,
          "attributes": {
            "backend": "s3",
            "config": {
              "value": {
                "bucket": "terraform-up-and-running-state-patrick-pan",
                "key": "stage/data-stores/mysql/terraform.tfstate",
                "region": "us-east-2"
              },
              "type": [
                "object",
                {
                  "bucket": "string",
                  "key": "string",
                  "region": "string"
                }
              ]
            },
            "defaults": null,
            "outputs": {
              "value": {
                "address": "stage-terraform-up-and-running20210802075348594600000001.cxgrlkrgdrdy.us-east-2.rds.amazonaws.com",
                "port": 3306
              },
              "type": [
                "object",
                {
                  "address": "string",
                  "port": "number"
                }
              ]
            },
            "workspace": null
          },
          "sensitive_attributes": []
        }
      ]
    },
    {
      "module": "module.app",
      "mode": "managed",
      "type": "aws_lb_listener_rule",
      "name": "asg",
      "provider": "provider[\"registry.terraform.io/hashicorp/aws\"]",
      "instances": [
        {
          "schema_version": 0,
          "attributes": {
            "action": [
              {
                "authenticate_cognito": [],
                "authenticate_oidc": [],
                "fixed_response": [],
                "forward": [],
                "order": 1,
                "redirect": [],
                "target_group_arn": "arn:aws:elasticloadbalancing:us-east-2:822487065664:targetgroup/hello-world-stage/fe4742b7803cf95d",
                "type": "forward"
              }
            ],
            "arn": "arn:aws:elasticloadbalancing:us-east-2:822487065664:listener-rule/app/stage-alb/53d2c170cb0778e6/145e37fa3bcf2059/58f8c57281bed463",
            "condition": [
              {
                "host_header": [],
                "http_header": [],
                "http_request_method": [],
                "path_pattern": [
                  {
                    "values": [
                      "*"
                    ]
                  }
                ],
                "query_string": [],
                "source_ip": []
              }
            ],
            "id": "arn:aws:elasticloadbalancing:us-east-2:822487065664:listener-rule/app/stage-alb/53d2c170cb0778e6/145e37fa3bcf2059/58f8c57281bed463",
            "listener_arn": "arn:aws:elasticloadbalancing:us-east-2:822487065664:listener/app/stage-alb/53d2c170cb0778e6/145e37fa3bcf2059",
            "priority": 100,
            "tags": {},
            "tags_all": {}
          },
          "sensitive_attributes": [],
          "private": "bnVsbA==",
          "dependencies": [
            "module.app.module.alb.aws_lb.example",
            "module.app.module.alb.aws_lb_listener.http",
            "module.app.module.alb.aws_security_group.alb",
            "module.app.aws_lb_target_group.asg",
            "module.app.data.aws_subnet_ids.default",
            "module.app.data.aws_vpc.default"
          ]
        }
      ]
    },
    {
      "module": "module.app",
      "mode": "managed",
      "type": "aws_lb_target_group",
      "name": "asg",
      "provider": "provider[\"registry.terraform.io/hashicorp/aws\"]",
      "instances": [
        {
          "schema_version": 0,
          "attributes": {
            "arn": "arn:aws:elasticloadbalancing:us-east-2:822487065664:targetgroup/hello-world-stage/fe4742b7803cf95d",
            "arn_suffix": "targetgroup/hello-world-stage/fe4742b7803cf95d",
            "deregistration_delay": 300,
            "health_check": [
              {
                "enabled": true,
                "healthy_threshold": 2,
                "interval": 15,
                "matcher": "200",
                "path": "/",
                "port": "traffic-port",
                "protocol": "HTTP",
                "timeout": 3,
                "unhealthy_threshold": 2
              }
            ],
            "id": "arn:aws:elasticloadbalancing:us-east-2:822487065664:targetgroup/hello-world-stage/fe4742b7803cf95d",
            "lambda_multi_value_headers_enabled": false,
            "load_balancing_algorithm_type": "round_robin",
            "name": "hello-world-stage",
            "name_prefix": null,
            "port": 8080,
            "preserve_client_ip": null,
            "protocol": "HTTP",
            "protocol_version": "HTTP1",
            "proxy_protocol_v2": false,
            "slow_start": 0,
            "stickiness": [
              {
                "cookie_duration": 86400,
                "cookie_name": "",
                "enabled": false,
                "type": "lb_cookie"
              }
            ],
            "tags": {},
            "tags_all": {},
            "target_type": "instance",
            "vpc_id": "vpc-3d264556"
          },
          "sensitive_attributes": [],
          "private": "bnVsbA==",
          "dependencies": [
            "module.app.data.aws_vpc.default"
          ],
          "create_before_destroy": true
        }
      ]
    },
    {
      "module": "module.app.module.alb",
      "mode": "managed",
      "type": "aws_lb",
      "name": "example",
      "provider": "provider[\"registry.terraform.io/hashicorp/aws\"]",
      "instances": [
        {
          "schema_version": 0,
          "attributes": {
            "access_logs": [
              {
                "bucket": "",
                "enabled": false,
                "prefix": ""
              }
            ],
            "arn": "arn:aws:elasticloadbalancing:us-east-2:822487065664:loadbalancer/app/stage-alb/53d2c170cb0778e6",
            "arn_suffix": "app/stage-alb/53d2c170cb0778e6",
            "customer_owned_ipv4_pool": "",
            "dns_name": "stage-alb-1240672748.us-east-2.elb.amazonaws.com",
            "drop_invalid_header_fields": false,
            "enable_cross_zone_load_balancing": null,
            "enable_deletion_protection": false,
            "enable_http2": true,
            "id": "arn:aws:elasticloadbalancing:us-east-2:822487065664:loadbalancer/app/stage-alb/53d2c170cb0778e6",
            "idle_timeout": 60,
            "internal": false,
            "ip_address_type": "ipv4",
            "load_balancer_type": "application",
            "name": "stage-alb",
            "name_prefix": null,
            "security_groups": [
              "sg-0af0b6651fdca1334"
            ],
            "subnet_mapping": [
              {
                "allocation_id": "",
                "ipv6_address": "",
                "outpost_id": "",
                "private_ipv4_address": "",
                "subnet_id": "subnet-a0c405dd"
              },
              {
                "allocation_id": "",
                "ipv6_address": "",
                "outpost_id": "",
                "private_ipv4_address": "",
                "subnet_id": "subnet-e9c7eea5"
              },
              {
                "allocation_id": "",
                "ipv6_address": "",
                "outpost_id": "",
                "private_ipv4_address": "",
                "subnet_id": "subnet-eac54e81"
              }
            ],
            "subnets": [
              "subnet-a0c405dd",
              "subnet-e9c7eea5",
              "subnet-eac54e81"
            ],
            "tags": {},
            "tags_all": {},
            "timeouts": null,
            "vpc_id": "vpc-3d264556",
            "zone_id": "Z3AADJGX6KTTL2"
          },
          "sensitive_attributes": [],
          "private": "eyJlMmJmYjczMC1lY2FhLTExZTYtOGY4OC0zNDM2M2JjN2M0YzAiOnsiY3JlYXRlIjo2MDAwMDAwMDAwMDAsImRlbGV0ZSI6NjAwMDAwMDAwMDAwLCJ1cGRhdGUiOjYwMDAwMDAwMDAwMH19",
          "dependencies": [
            "module.app.data.aws_subnet_ids.default",
            "module.app.data.aws_vpc.default",
            "module.app.module.alb.aws_security_group.alb"
          ]
        }
      ]
    },
    {
      "module": "module.app.module.alb",
      "mode": "managed",
      "type": "aws_lb_listener",
      "name": "http",
      "provider": "provider[\"registry.terraform.io/hashicorp/aws\"]",
      "instances": [
        {
          "schema_version": 0,
          "attributes": {
            "alpn_policy": null,
            "arn": "arn:aws:elasticloadbalancing:us-east-2:822487065664:listener/app/stage-alb/53d2c170cb0778e6/145e37fa3bcf2059",
            "certificate_arn": null,
            "default_action": [
              {
                "authenticate_cognito": [],
                "authenticate_oidc": [],
                "fixed_response": [
                  {
                    "content_type": "text/plain",
                    "message_body": "404: page not found",
                    "status_code": "404"
                  }
                ],
                "forward": [],
                "order": 1,
                "redirect": [],
                "target_group_arn": "",
                "type": "fixed-response"
              }
            ],
            "id": "arn:aws:elasticloadbalancing:us-east-2:822487065664:listener/app/stage-alb/53d2c170cb0778e6/145e37fa3bcf2059",
            "load_balancer_arn": "arn:aws:elasticloadbalancing:us-east-2:822487065664:loadbalancer/app/stage-alb/53d2c170cb0778e6",
            "port": 80,
            "protocol": "HTTP",
            "ssl_policy": "",
            "tags": {},
            "tags_all": {},
            "timeouts": null
          },
          "sensitive_attributes": [],
          "private": "eyJlMmJmYjczMC1lY2FhLTExZTYtOGY4OC0zNDM2M2JjN2M0YzAiOnsicmVhZCI6NjAwMDAwMDAwMDAwfX0=",
          "dependencies": [
            "module.app.module.alb.aws_lb.example",
            "module.app.module.alb.aws_security_group.alb",
            "module.app.data.aws_subnet_ids.default",
            "module.app.data.aws_vpc.default"
          ]
        }
      ]
    },
    {
      "module": "module.app.module.alb",
      "mode": "managed",
      "type": "aws_security_group",
      "name": "alb",
      "provider": "provider[\"registry.terraform.io/hashicorp/aws\"]",
      "instances": [
        {
          "schema_version": 1,
          "attributes": {
            "arn": "arn:aws:ec2:us-east-2:822487065664:security-group/sg-0af0b6651fdca1334",
            "description": "Managed by Terraform",
            "egress": [
              {
                "cidr_blocks": [
                  "0.0.0.0/0"
                ],
                "description": "",
                "from_port": 0,
                "ipv6_cidr_blocks": [],
                "prefix_list_ids": [],
                "protocol": "-1",
                "security_groups": [],
                "self": false,
                "to_port": 0
              }
            ],
            "id": "sg-0af0b6651fdca1334",
            "ingress": [
              {
                "cidr_blocks": [
                  "0.0.0.0/0"
                ],
                "description": "",
                "from_port": 80,
                "ipv6_cidr_blocks": [],
                "prefix_list_ids": [],
                "protocol": "tcp",
                "security_groups": [],
                "self": false,
                "to_port": 80
              }
            ],
            "name": "stage-alb",
            "name_prefix": "",
            "owner_id": "822487065664",
            "revoke_rules_on_delete": false,
            "tags": {},
            "tags_all": {},
            "timeouts": null,
            "vpc_id": "vpc-3d264556"
          },
          "sensitive_attributes": [],
          "private": "eyJlMmJmYjczMC1lY2FhLTExZTYtOGY4OC0zNDM2M2JjN2M0YzAiOnsiY3JlYXRlIjo2MDAwMDAwMDAwMDAsImRlbGV0ZSI6OTAwMDAwMDAwMDAwfSwic2NoZW1hX3ZlcnNpb24iOiIxIn0="
        }
      ]
    },
    {
      "module": "module.app.module.asg",
      "mode": "managed",
      "type": "aws_autoscaling_group",
      "name": "example",
      "provider": "provider[\"registry.terraform.io/hashicorp/aws\"]",
      "instances": [
        {
          "schema_version": 0,
          "attributes": {
            "arn": "arn:aws:autoscaling:us-east-2:822487065664:autoScalingGroup:ad122ea7-c868-495e-8e93-59cc4089a2fe:autoScalingGroupName/hello-world-stage-asg-hello-world-stage-asg-configuration-20210802081303713000000001",
            "availability_zones": [
              "us-east-2a",
              "us-east-2b",
              "us-east-2c"
            ],
            "capacity_rebalance": false,
            "default_cooldown": 300,
            "desired_capacity": 2,
            "enabled_metrics": null,
            "force_delete": false,
            "force_delete_warm_pool": false,
            "health_check_grace_period": 300,
            "health_check_type": "ELB",
            "id": "hello-world-stage-asg-hello-world-stage-asg-configuration-20210802081303713000000001",
            "initial_lifecycle_hook": [],
            "instance_refresh": [],
            "launch_configuration": "hello-world-stage-asg-configuration-20210802081303713000000001",
            "launch_template": [],
            "load_balancers": null,
            "max_instance_lifetime": 0,
            "max_size": 5,
            "metrics_granularity": "1Minute",
            "min_elb_capacity": 2,
            "min_size": 2,
            "mixed_instances_policy": [],
            "name": "hello-world-stage-asg-hello-world-stage-asg-configuration-20210802081303713000000001",
            "name_prefix": "hello-world-stage-asg-hello-world-stage-asg-configuration-",
            "placement_group": "",
            "protect_from_scale_in": false,
            "service_linked_role_arn": "arn:aws:iam::822487065664:role/aws-service-role/autoscaling.amazonaws.com/AWSServiceRoleForAutoScaling",
            "suspended_processes": null,
            "tag": [
              {
                "key": "Name",
                "propagate_at_launch": true,
                "value": "hello-world-stage-asg"
              }
            ],
            "tags": null,
            "target_group_arns": [
              "arn:aws:elasticloadbalancing:us-east-2:822487065664:targetgroup/hello-world-stage/fe4742b7803cf95d"
            ],
            "termination_policies": null,
            "timeouts": null,
            "vpc_zone_identifier": [
              "subnet-a0c405dd",
              "subnet-e9c7eea5",
              "subnet-eac54e81"
            ],
            "wait_for_capacity_timeout": "10m",
            "wait_for_elb_capacity": null,
            "warm_pool": []
          },
          "sensitive_attributes": [],
          "private": "eyJlMmJmYjczMC1lY2FhLTExZTYtOGY4OC0zNDM2M2JjN2M0YzAiOnsiZGVsZXRlIjo2MDAwMDAwMDAwMDB9fQ==",
          "dependencies": [
            "module.app.aws_lb_target_group.asg",
            "module.app.data.aws_subnet_ids.default",
            "module.app.data.template_file.user_data",
            "module.app.module.asg.aws_launch_configuration.example",
            "module.app.module.asg.aws_security_group.instance"
          ],
          "create_before_destroy": true
        }
      ]
    },
    {
      "module": "module.app.module.asg",
      "mode": "managed",
      "type": "aws_cloudwatch_metric_alarm",
      "name": "high_cpu_utilization",
      "provider": "provider[\"registry.terraform.io/hashicorp/aws\"]",
      "instances": [
        {
          "schema_version": 1,
          "attributes": {
            "actions_enabled": true,
            "alarm_actions": [],
            "alarm_description": "",
            "alarm_name": "hello-world-stage-high-cpu-utilization",
            "arn": "arn:aws:cloudwatch:us-east-2:822487065664:alarm:hello-world-stage-high-cpu-utilization",
            "comparison_operator": "GreaterThanThreshold",
            "datapoints_to_alarm": 0,
            "dimensions": {
              "AutoScalingGroupName": "hello-world-stage-asg-hello-world-stage-asg-configuration-20210802081303713000000001"
            },
            "evaluate_low_sample_count_percentiles": "",
            "evaluation_periods": 1,
            "extended_statistic": "",
            "id": "hello-world-stage-high-cpu-utilization",
            "insufficient_data_actions": [],
            "metric_name": "CPUUtilization",
            "metric_query": [],
            "namespace": "AWS/EC2",
            "ok_actions": [],
            "period": 300,
            "statistic": "Average",
            "tags": {},
            "tags_all": {},
            "threshold": 90,
            "threshold_metric_id": "",
            "treat_missing_data": "missing",
            "unit": "Percent"
          },
          "sensitive_attributes": [],
          "private": "eyJzY2hlbWFfdmVyc2lvbiI6IjEifQ==",
          "dependencies": [
            "module.app.aws_lb_target_group.asg",
            "module.app.data.aws_subnet_ids.default",
            "module.app.data.template_file.user_data",
            "module.app.module.asg.aws_autoscaling_group.example",
            "module.app.module.asg.aws_launch_configuration.example",
            "module.app.module.asg.aws_security_group.instance"
          ]
        }
      ]
    },
    {
      "module": "module.app.module.asg",
      "mode": "managed",
      "type": "aws_cloudwatch_metric_alarm",
      "name": "low_cpu_credit_balance",
      "provider": "provider[\"registry.terraform.io/hashicorp/aws\"]",
      "instances": [
        {
          "index_key": 0,
          "schema_version": 1,
          "attributes": {
            "actions_enabled": true,
            "alarm_actions": [],
            "alarm_description": "",
            "alarm_name": "hello-world-stage-low-cpu-credit-balance",
            "arn": "arn:aws:cloudwatch:us-east-2:822487065664:alarm:hello-world-stage-low-cpu-credit-balance",
            "comparison_operator": "LessThanThreshold",
            "datapoints_to_alarm": 0,
            "dimensions": {
              "AutoScalingGroupName": "hello-world-stage-asg-hello-world-stage-asg-configuration-20210802081303713000000001"
            },
            "evaluate_low_sample_count_percentiles": "",
            "evaluation_periods": 1,
            "extended_statistic": "",
            "id": "hello-world-stage-low-cpu-credit-balance",
            "insufficient_data_actions": [],
            "metric_name": "CPUCreditBalance",
            "metric_query": [],
            "namespace": "AWS/EC2",
            "ok_actions": [],
            "period": 300,
            "statistic": "Minimum",
            "tags": {},
            "tags_all": {},
            "threshold": 10,
            "threshold_metric_id": "",
            "treat_missing_data": "missing",
            "unit": "Count"
          },
          "sensitive_attributes": [],
          "private": "eyJzY2hlbWFfdmVyc2lvbiI6IjEifQ==",
          "dependencies": [
            "module.app.aws_lb_target_group.asg",
            "module.app.data.aws_subnet_ids.default",
            "module.app.data.template_file.user_data",
            "module.app.module.asg.aws_autoscaling_group.example",
            "module.app.module.asg.aws_launch_configuration.example",
            "module.app.module.asg.aws_security_group.instance"
          ]
        }
      ]
    },
    {
      "module": "module.app.module.asg",
      "mode": "managed",
      "type": "aws_launch_configuration",
      "name": "example",
      "provider": "provider[\"registry.terraform.io/hashicorp/aws\"]",
      "instances": [
        {
          "schema_version": 0,
          "attributes": {
            "arn": "arn:aws:autoscaling:us-east-2:822487065664:launchConfiguration:2a72c48f-676b-4f23-a1b0-337dafa4bbe0:launchConfigurationName/hello-world-stage-asg-configuration-20210802081303713000000001",
            "associate_public_ip_address": false,
            "ebs_block_device": [],
            "ebs_optimized": false,
            "enable_monitoring": true,
            "ephemeral_block_device": [],
            "iam_instance_profile": "",
            "id": "hello-world-stage-asg-configuration-20210802081303713000000001",
            "image_id": "ami-0c55b159cbfafe1f0",
            "instance_type": "t2.micro",
            "key_name": "",
            "metadata_options": [],
            "name": "hello-world-stage-asg-configuration-20210802081303713000000001",
            "name_prefix": "hello-world-stage-asg-configuration-",
            "placement_tenancy": null,
            "root_block_device": [],
            "security_groups": [
              "sg-06ca9553dcc9056c3"
            ],
            "spot_price": "",
            "user_data": "d2203175812a4ec8b4d8990b908780294119ef0e",
            "user_data_base64": null,
            "vpc_classic_link_id": "",
            "vpc_classic_link_security_groups": null
          },
          "sensitive_attributes": [],
          "private": "bnVsbA==",
          "dependencies": [
            "module.app.data.template_file.user_data",
            "module.app.module.asg.aws_security_group.instance"
          ],
          "create_before_destroy": true
        }
      ]
    },
    {
      "module": "module.app.module.asg",
      "mode": "managed",
      "type": "aws_security_group",
      "name": "instance",
      "provider": "provider[\"registry.terraform.io/hashicorp/aws\"]",
      "instances": [
        {
          "schema_version": 1,
          "attributes": {
            "arn": "arn:aws:ec2:us-east-2:822487065664:security-group/sg-06ca9553dcc9056c3",
            "description": "Managed by Terraform",
            "egress": [],
            "id": "sg-06ca9553dcc9056c3",
            "ingress": [
              {
                "cidr_blocks": [
                  "0.0.0.0/0"
                ],
                "description": "",
                "from_port": 8080,
                "ipv6_cidr_blocks": [],
                "prefix_list_ids": [],
                "protocol": "tcp",
                "security_groups": [],
                "self": false,
                "to_port": 8080
              },
              {
                "cidr_blocks": [
                  "0.0.0.0/0"
                ],
                "description": "",
                "from_port": 80,
                "ipv6_cidr_blocks": [],
                "prefix_list_ids": [],
                "protocol": "tcp",
                "security_groups": [],
                "self": false,
                "to_port": 80
              }
            ],
            "name": "hello-world-stage-instance-security-group",
            "name_prefix": "",
            "owner_id": "822487065664",
            "revoke_rules_on_delete": false,
            "tags": {},
            "tags_all": {},
            "timeouts": null,
            "vpc_id": "vpc-3d264556"
          },
          "sensitive_attributes": [],
          "private": "eyJlMmJmYjczMC1lY2FhLTExZTYtOGY4OC0zNDM2M2JjN2M0YzAiOnsiY3JlYXRlIjo2MDAwMDAwMDAwMDAsImRlbGV0ZSI6OTAwMDAwMDAwMDAwfSwic2NoZW1hX3ZlcnNpb24iOiIxIn0=",
          "create_before_destroy": true
        }
      ]
    },
    {
      "module": "module.app.module.asg",
      "mode": "managed",
      "type": "aws_security_group_rule",
      "name": "allow_http_8080_port_external",
      "provider": "provider[\"registry.terraform.io/hashicorp/aws\"]",
      "instances": [
        {
          "schema_version": 2,
          "attributes": {
            "cidr_blocks": [
              "0.0.0.0/0"
            ],
            "description": "",
            "from_port": 8080,
            "id": "sgrule-81015204",
            "ipv6_cidr_blocks": [],
            "prefix_list_ids": [],
            "protocol": "tcp",
            "security_group_id": "sg-06ca9553dcc9056c3",
            "self": false,
            "source_security_group_id": null,
            "to_port": 8080,
            "type": "ingress"
          },
          "sensitive_attributes": [],
          "private": "eyJzY2hlbWFfdmVyc2lvbiI6IjIifQ==",
          "dependencies": [
            "module.app.module.asg.aws_security_group.instance"
          ]
        }
      ]
    },
    {
      "module": "module.app.module.asg",
      "mode": "managed",
      "type": "aws_security_group_rule",
      "name": "allow_http_80_port_external",
      "provider": "provider[\"registry.terraform.io/hashicorp/aws\"]",
      "instances": [
        {
          "schema_version": 2,
          "attributes": {
            "cidr_blocks": [
              "0.0.0.0/0"
            ],
            "description": "",
            "from_port": 80,
            "id": "sgrule-1951527973",
            "ipv6_cidr_blocks": [],
            "prefix_list_ids": [],
            "protocol": "tcp",
            "security_group_id": "sg-06ca9553dcc9056c3",
            "self": false,
            "source_security_group_id": null,
            "to_port": 80,
            "type": "ingress"
          },
          "sensitive_attributes": [],
          "private": "eyJzY2hlbWFfdmVyc2lvbiI6IjIifQ==",
          "dependencies": [
            "module.app.module.asg.aws_security_group.instance"
          ]
        }
      ]
    }
  ]
}
