{
  "version": 4,
  "terraform_version": "1.0.3",
  "serial": 7,
  "lineage": "9505430f-7b99-577b-4d55-51c48ea64bcb",
  "outputs": {
    "db_address": {
      "value": "unit-test-terraform-up-and-running20210802031708478500000001.cxgrlkrgdrdy.us-east-2.rds.amazonaws.com",
      "type": "string"
    },
    "db_port": {
      "value": 3306,
      "type": "number"
    },
    "terraform": {
      "value": "default",
      "type": "string"
    }
  },
  "resources": [
    {
      "module": "module.mysql",
      "mode": "managed",
      "type": "aws_db_instance",
      "name": "example",
      "provider": "module.mysql.provider[\"registry.terraform.io/hashicorp/aws\"]",
      "instances": [
        {
          "schema_version": 1,
          "attributes": {
            "address": "unit-test-terraform-up-and-running20210802031708478500000001.cxgrlkrgdrdy.us-east-2.rds.amazonaws.com",
            "allocated_storage": 10,
            "allow_major_version_upgrade": null,
            "apply_immediately": null,
            "arn": "arn:aws:rds:us-east-2:822487065664:db:unit-test-terraform-up-and-running20210802031708478500000001",
            "auto_minor_version_upgrade": true,
            "availability_zone": "us-east-2c",
            "backup_retention_period": 0,
            "backup_window": "10:18-10:48",
            "ca_cert_identifier": "rds-ca-2019",
            "character_set_name": null,
            "copy_tags_to_snapshot": false,
            "db_subnet_group_name": "default",
            "delete_automated_backups": true,
            "deletion_protection": false,
            "domain": "",
            "domain_iam_role_name": "",
            "enabled_cloudwatch_logs_exports": null,
            "endpoint": "unit-test-terraform-up-and-running20210802031708478500000001.cxgrlkrgdrdy.us-east-2.rds.amazonaws.com:3306",
            "engine": "mysql",
            "engine_version": "8.0.23",
            "final_snapshot_identifier": null,
            "hosted_zone_id": "Z2XHWR1WZ565X2",
            "iam_database_authentication_enabled": false,
            "id": "unit-test-terraform-up-and-running20210802031708478500000001",
            "identifier": "unit-test-terraform-up-and-running20210802031708478500000001",
            "identifier_prefix": "unit-test-terraform-up-and-running",
            "instance_class": "db.t2.micro",
            "iops": 0,
            "kms_key_id": "",
            "latest_restorable_time": "0001-01-01T00:00:00Z",
            "license_model": "general-public-license",
            "maintenance_window": "tue:03:13-tue:03:43",
            "max_allocated_storage": 0,
            "monitoring_interval": 0,
            "monitoring_role_arn": "",
            "multi_az": false,
            "name": "MysqlForUnit",
            "option_group_name": "default:mysql-8-0",
            "parameter_group_name": "default.mysql8.0",
            "password": "password",
            "performance_insights_enabled": false,
            "performance_insights_kms_key_id": "",
            "performance_insights_retention_period": 0,
            "port": 3306,
            "publicly_accessible": false,
            "replicas": [],
            "replicate_source_db": "",
            "resource_id": "db-B2ICBM7FD4RPBXB2ZAYDEOYONQ",
            "restore_to_point_in_time": [],
            "s3_import": [],
            "security_group_names": null,
            "skip_final_snapshot": true,
            "snapshot_identifier": null,
            "status": "available",
            "storage_encrypted": false,
            "storage_type": "gp2",
            "tags": null,
            "tags_all": {},
            "timeouts": null,
            "timezone": "",
            "username": "username",
            "vpc_security_group_ids": [
              "sg-fc17edb7"
            ]
          },
          "sensitive_attributes": [],
          "private": "eyJlMmJmYjczMC1lY2FhLTExZTYtOGY4OC0zNDM2M2JjN2M0YzAiOnsiY3JlYXRlIjoyNDAwMDAwMDAwMDAwLCJkZWxldGUiOjM2MDAwMDAwMDAwMDAsInVwZGF0ZSI6NDgwMDAwMDAwMDAwMH0sInNjaGVtYV92ZXJzaW9uIjoiMSJ9"
        }
      ]
    }
  ]
}
